<Solution>
  <Folder Name="/1 - API/">
    <Project Path="Zeno/Zeno.API.csproj" />
  </Folder>
  <Folder Name="/2 - Application/">
    <Project Path="Zeno.Application/Zeno.Application.csproj" />
  </Folder>
  <Folder Name="/3 - Domain/">
    <Project Path="Zeno.Domain/Zeno.Domain.csproj" />
  </Folder>
  <Folder Name="/4 - Infrastructure/">
    <Project Path="Zeno.Infrastructure.SQL/Zeno.Infrastructure.SQL.csproj" Id="508d79dc-d0d0-4aff-8d23-086400ba8332" />
  </Folder>
</Solution>
